{
  "name": "better-discord-interactions",
  "version": "1.0.0",
  "lockfileVersion": 1,
  "requires": true,
  "dependencies": {
    "snowflake-util": {
      "version": "1.0.1",
      "resolved": "https://registry.npmjs.org/snowflake-util/-/snowflake-util-1.0.1.tgz",
      "integrity": "sha512-8R0BfbYMvkkXRKnW44OmHda4OQwwKgqhzQtSC03cIeyYN610yada3C76FSrksP3nAe1NPQSf1FmhxEAPFZu6cA=="
    }
  }
}
